
Microsoft Visual Studio Solution File, Format Version 11.00
# Visual C# Express 2010
Project("{FAE04EC0-301F-11D3-BF4B-00C04F79EFBC}") = "ristinolla", "ristinolla\ristinolla.csproj", "{58FB7505-D781-4FAB-845C-12BC31D86A6B}"
EndProject
Global
	GlobalSection(SolutionConfigurationPlatforms) = preSolution
		Debug|x86 = Debug|x86
		Release|x86 = Release|x86
	EndGlobalSection
	GlobalSection(ProjectConfigurationPlatforms) = postSolution
		{58FB7505-D781-4FAB-845C-12BC31D86A6B}.Debug|x86.ActiveCfg = Debug|x86
		{58FB7505-D781-4FAB-845C-12BC31D86A6B}.Debug|x86.Build.0 = Debug|x86
		{58FB7505-D781-4FAB-845C-12BC31D86A6B}.Release|x86.ActiveCfg = Release|x86
		{58FB7505-D781-4FAB-845C-12BC31D86A6B}.Release|x86.Build.0 = Release|x86
	EndGlobalSection
	GlobalSection(SolutionProperties) = preSolution
		HideSolutionNode = FALSE
	EndGlobalSection
EndGlobal
